
Microsoft Visual Studio Solution File, Format Version 12.00
# Visual Studio Version 16
VisualStudioVersion = 16.0.29709.97
MinimumVisualStudioVersion = 10.0.40219.1
Project("{FAE04EC0-301F-11D3-BF4B-00C04F79EFBC}") = "umop5.16TicTacToe", "umop5.16TicTacToe.csproj", "{822D7320-0FD6-44D8-8E52-A44E4795B573}"
EndProject
Global
	GlobalSection(SolutionConfigurationPlatforms) = preSolution
		Debug|Any CPU = Debug|Any CPU
		Release|Any CPU = Release|Any CPU
	EndGlobalSection
	GlobalSection(ProjectConfigurationPlatforms) = postSolution
		{822D7320-0FD6-44D8-8E52-A44E4795B573}.Debug|Any CPU.ActiveCfg = Debug|Any CPU
		{822D7320-0FD6-44D8-8E52-A44E4795B573}.Debug|Any CPU.Build.0 = Debug|Any CPU
		{822D7320-0FD6-44D8-8E52-A44E4795B573}.Release|Any CPU.ActiveCfg = Release|Any CPU
		{822D7320-0FD6-44D8-8E52-A44E4795B573}.Release|Any CPU.Build.0 = Release|Any CPU
	EndGlobalSection
	GlobalSection(SolutionProperties) = preSolution
		HideSolutionNode = FALSE
	EndGlobalSection
	GlobalSection(ExtensibilityGlobals) = postSolution
		SolutionGuid = {2DAA0063-2C2B-4D1D-A033-5395EF4870A0}
	EndGlobalSection
EndGlobal
