
Microsoft Visual Studio Solution File, Format Version 12.00
# Visual Studio Version 16
VisualStudioVersion = 16.0.29709.97
MinimumVisualStudioVersion = 10.0.40219.1
Project("{FAE04EC0-301F-11D3-BF4B-00C04F79EFBC}") = "umop12.12zDirectoryList", "umop12.12zDirectoryList.csproj", "{34078D4B-151B-41A8-A40B-E1E7D937210E}"
EndProject
Global
	GlobalSection(SolutionConfigurationPlatforms) = preSolution
		Debug|Any CPU = Debug|Any CPU
		Release|Any CPU = Release|Any CPU
	EndGlobalSection
	GlobalSection(ProjectConfigurationPlatforms) = postSolution
		{34078D4B-151B-41A8-A40B-E1E7D937210E}.Debug|Any CPU.ActiveCfg = Debug|Any CPU
		{34078D4B-151B-41A8-A40B-E1E7D937210E}.Debug|Any CPU.Build.0 = Debug|Any CPU
		{34078D4B-151B-41A8-A40B-E1E7D937210E}.Release|Any CPU.ActiveCfg = Release|Any CPU
		{34078D4B-151B-41A8-A40B-E1E7D937210E}.Release|Any CPU.Build.0 = Release|Any CPU
	EndGlobalSection
	GlobalSection(SolutionProperties) = preSolution
		HideSolutionNode = FALSE
	EndGlobalSection
	GlobalSection(ExtensibilityGlobals) = postSolution
		SolutionGuid = {ED8EBABE-CEC4-40B7-8776-E9C800713256}
	EndGlobalSection
EndGlobal
