
Microsoft Visual Studio Solution File, Format Version 12.00
# Visual Studio Version 16
VisualStudioVersion = 16.0.29709.97
MinimumVisualStudioVersion = 10.0.40219.1
Project("{FAE04EC0-301F-11D3-BF4B-00C04F79EFBC}") = "umop5.12RaiseAnArrayToAPower", "umop5.12RaiseAnArrayToAPower.csproj", "{CB6A0AFA-F9E1-4DC7-9423-2E162F8BD708}"
EndProject
Global
	GlobalSection(SolutionConfigurationPlatforms) = preSolution
		Debug|Any CPU = Debug|Any CPU
		Release|Any CPU = Release|Any CPU
	EndGlobalSection
	GlobalSection(ProjectConfigurationPlatforms) = postSolution
		{CB6A0AFA-F9E1-4DC7-9423-2E162F8BD708}.Debug|Any CPU.ActiveCfg = Debug|Any CPU
		{CB6A0AFA-F9E1-4DC7-9423-2E162F8BD708}.Debug|Any CPU.Build.0 = Debug|Any CPU
		{CB6A0AFA-F9E1-4DC7-9423-2E162F8BD708}.Release|Any CPU.ActiveCfg = Release|Any CPU
		{CB6A0AFA-F9E1-4DC7-9423-2E162F8BD708}.Release|Any CPU.Build.0 = Release|Any CPU
	EndGlobalSection
	GlobalSection(SolutionProperties) = preSolution
		HideSolutionNode = FALSE
	EndGlobalSection
	GlobalSection(ExtensibilityGlobals) = postSolution
		SolutionGuid = {A800EE6E-9B89-4FD4-8823-0E8E9217FE46}
	EndGlobalSection
EndGlobal
