
Microsoft Visual Studio Solution File, Format Version 12.00
# Visual Studio Version 16
VisualStudioVersion = 16.0.30621.155
MinimumVisualStudioVersion = 10.0.40219.1
Project("{FAE04EC0-301F-11D3-BF4B-00C04F79EFBC}") = "Equations", "Equations.csproj", "{DD4C1338-4935-4A11-9D65-F18D410AE02A}"
EndProject
Project("{FAE04EC0-301F-11D3-BF4B-00C04F79EFBC}") = "Solver", "..\Solver\Solver.csproj", "{84D22BA2-022F-44F2-ACEC-0FEFBC4EDD7C}"
EndProject
Global
	GlobalSection(SolutionConfigurationPlatforms) = preSolution
		Debug|Any CPU = Debug|Any CPU
		Release|Any CPU = Release|Any CPU
	EndGlobalSection
	GlobalSection(ProjectConfigurationPlatforms) = postSolution
		{DD4C1338-4935-4A11-9D65-F18D410AE02A}.Debug|Any CPU.ActiveCfg = Debug|Any CPU
		{DD4C1338-4935-4A11-9D65-F18D410AE02A}.Debug|Any CPU.Build.0 = Debug|Any CPU
		{DD4C1338-4935-4A11-9D65-F18D410AE02A}.Release|Any CPU.ActiveCfg = Release|Any CPU
		{DD4C1338-4935-4A11-9D65-F18D410AE02A}.Release|Any CPU.Build.0 = Release|Any CPU
		{84D22BA2-022F-44F2-ACEC-0FEFBC4EDD7C}.Debug|Any CPU.ActiveCfg = Debug|Any CPU
		{84D22BA2-022F-44F2-ACEC-0FEFBC4EDD7C}.Debug|Any CPU.Build.0 = Debug|Any CPU
		{84D22BA2-022F-44F2-ACEC-0FEFBC4EDD7C}.Release|Any CPU.ActiveCfg = Release|Any CPU
		{84D22BA2-022F-44F2-ACEC-0FEFBC4EDD7C}.Release|Any CPU.Build.0 = Release|Any CPU
	EndGlobalSection
	GlobalSection(SolutionProperties) = preSolution
		HideSolutionNode = FALSE
	EndGlobalSection
	GlobalSection(ExtensibilityGlobals) = postSolution
		SolutionGuid = {970B79D9-A1A4-4590-89EE-0A1EA666B560}
	EndGlobalSection
EndGlobal
