
Microsoft Visual Studio Solution File, Format Version 12.00
# Visual Studio Version 16
VisualStudioVersion = 16.0.29709.97
MinimumVisualStudioVersion = 10.0.40219.1
Project("{FAE04EC0-301F-11D3-BF4B-00C04F79EFBC}") = "umop5.2zEvenArray", "umop5.2zEvenArray.csproj", "{0CAE83D7-E5D3-49F8-AAA0-BDD9297C60B7}"
EndProject
Global
	GlobalSection(SolutionConfigurationPlatforms) = preSolution
		Debug|Any CPU = Debug|Any CPU
		Release|Any CPU = Release|Any CPU
	EndGlobalSection
	GlobalSection(ProjectConfigurationPlatforms) = postSolution
		{0CAE83D7-E5D3-49F8-AAA0-BDD9297C60B7}.Debug|Any CPU.ActiveCfg = Debug|Any CPU
		{0CAE83D7-E5D3-49F8-AAA0-BDD9297C60B7}.Debug|Any CPU.Build.0 = Debug|Any CPU
		{0CAE83D7-E5D3-49F8-AAA0-BDD9297C60B7}.Release|Any CPU.ActiveCfg = Release|Any CPU
		{0CAE83D7-E5D3-49F8-AAA0-BDD9297C60B7}.Release|Any CPU.Build.0 = Release|Any CPU
	EndGlobalSection
	GlobalSection(SolutionProperties) = preSolution
		HideSolutionNode = FALSE
	EndGlobalSection
	GlobalSection(ExtensibilityGlobals) = postSolution
		SolutionGuid = {6B1A1D12-3F42-41F4-929E-A750D388E394}
	EndGlobalSection
EndGlobal
