
Microsoft Visual Studio Solution File, Format Version 12.00
# Visual Studio Version 16
VisualStudioVersion = 16.0.30503.244
MinimumVisualStudioVersion = 10.0.40219.1
Project("{FAE04EC0-301F-11D3-BF4B-00C04F79EFBC}") = "umop6.7BenfordsLaw", "umop6.7BenfordsLaw.csproj", "{393BB727-4E35-4C25-9B71-DCA62984387B}"
EndProject
Global
	GlobalSection(SolutionConfigurationPlatforms) = preSolution
		Debug|Any CPU = Debug|Any CPU
		Release|Any CPU = Release|Any CPU
	EndGlobalSection
	GlobalSection(ProjectConfigurationPlatforms) = postSolution
		{393BB727-4E35-4C25-9B71-DCA62984387B}.Debug|Any CPU.ActiveCfg = Debug|Any CPU
		{393BB727-4E35-4C25-9B71-DCA62984387B}.Debug|Any CPU.Build.0 = Debug|Any CPU
		{393BB727-4E35-4C25-9B71-DCA62984387B}.Release|Any CPU.ActiveCfg = Release|Any CPU
		{393BB727-4E35-4C25-9B71-DCA62984387B}.Release|Any CPU.Build.0 = Release|Any CPU
	EndGlobalSection
	GlobalSection(SolutionProperties) = preSolution
		HideSolutionNode = FALSE
	EndGlobalSection
	GlobalSection(ExtensibilityGlobals) = postSolution
		SolutionGuid = {0E50DAB1-56FE-440A-BB72-0FAC408F5724}
	EndGlobalSection
EndGlobal
