
Microsoft Visual Studio Solution File, Format Version 12.00
# Visual Studio Version 16
VisualStudioVersion = 16.0.31005.135
MinimumVisualStudioVersion = 10.0.40219.1
Project("{FAE04EC0-301F-11D3-BF4B-00C04F79EFBC}") = "umop12.14zRefactoringAStaticClass", "umop12.14zRefactoringAStaticClass.csproj", "{6D26BF73-54D3-4128-8FA6-1DA8D060C5DE}"
EndProject
Global
	GlobalSection(SolutionConfigurationPlatforms) = preSolution
		Debug|Any CPU = Debug|Any CPU
		Release|Any CPU = Release|Any CPU
	EndGlobalSection
	GlobalSection(ProjectConfigurationPlatforms) = postSolution
		{6D26BF73-54D3-4128-8FA6-1DA8D060C5DE}.Debug|Any CPU.ActiveCfg = Debug|Any CPU
		{6D26BF73-54D3-4128-8FA6-1DA8D060C5DE}.Debug|Any CPU.Build.0 = Debug|Any CPU
		{6D26BF73-54D3-4128-8FA6-1DA8D060C5DE}.Release|Any CPU.ActiveCfg = Release|Any CPU
		{6D26BF73-54D3-4128-8FA6-1DA8D060C5DE}.Release|Any CPU.Build.0 = Release|Any CPU
	EndGlobalSection
	GlobalSection(SolutionProperties) = preSolution
		HideSolutionNode = FALSE
	EndGlobalSection
	GlobalSection(ExtensibilityGlobals) = postSolution
		SolutionGuid = {57A8BDC1-39DB-42D3-B415-5E39F5A33257}
	EndGlobalSection
EndGlobal
